
Microsoft Visual Studio Solution File, Format Version 12.00
# Visual Studio Version 16
VisualStudioVersion = 16.0.30517.126
MinimumVisualStudioVersion = 10.0.40219.1
Project("{9A19103F-16F7-4668-BE54-9A1E7A4F7556}") = "The_Harbor", "The_Habore\The_Harbor.csproj", "{55C2D7CE-A251-4F0A-A906-81EC7A121017}"
EndProject
Global
	GlobalSection(SolutionConfigurationPlatforms) = preSolution
		Debug|Any CPU = Debug|Any CPU
		Release|Any CPU = Release|Any CPU
	EndGlobalSection
	GlobalSection(ProjectConfigurationPlatforms) = postSolution
		{55C2D7CE-A251-4F0A-A906-81EC7A121017}.Debug|Any CPU.ActiveCfg = Debug|Any CPU
		{55C2D7CE-A251-4F0A-A906-81EC7A121017}.Debug|Any CPU.Build.0 = Debug|Any CPU
		{55C2D7CE-A251-4F0A-A906-81EC7A121017}.Release|Any CPU.ActiveCfg = Release|Any CPU
		{55C2D7CE-A251-4F0A-A906-81EC7A121017}.Release|Any CPU.Build.0 = Release|Any CPU
	EndGlobalSection
	GlobalSection(SolutionProperties) = preSolution
		HideSolutionNode = FALSE
	EndGlobalSection
	GlobalSection(ExtensibilityGlobals) = postSolution
		SolutionGuid = {7AF76A1E-06F4-49B2-8B2F-70C5D3CD6D3C}
	EndGlobalSection
EndGlobal
